
Microsoft Visual Studio Solution File, Format Version 12.00
# Visual Studio 2012
Project("{FAE04EC0-301F-11D3-BF4B-00C04F79EFBC}") = "CalculatorApp", "CalculatorApp\CalculatorApp.csproj", "{0CF7C7F5-A091-4C63-8869-987004AFE724}"
EndProject
Global
	GlobalSection(SolutionConfigurationPlatforms) = preSolution
		Debug|Any CPU = Debug|Any CPU
		Release|Any CPU = Release|Any CPU
	EndGlobalSection
	GlobalSection(ProjectConfigurationPlatforms) = postSolution
		{0CF7C7F5-A091-4C63-8869-987004AFE724}.Debug|Any CPU.ActiveCfg = Debug|Any CPU
		{0CF7C7F5-A091-4C63-8869-987004AFE724}.Debug|Any CPU.Build.0 = Debug|Any CPU
		{0CF7C7F5-A091-4C63-8869-987004AFE724}.Release|Any CPU.ActiveCfg = Release|Any CPU
		{0CF7C7F5-A091-4C63-8869-987004AFE724}.Release|Any CPU.Build.0 = Release|Any CPU
	EndGlobalSection
	GlobalSection(SolutionProperties) = preSolution
		HideSolutionNode = FALSE
	EndGlobalSection
EndGlobal
